
Microsoft Visual Studio Solution File, Format Version 12.00
# Visual Studio Version 16
VisualStudioVersion = 16.0.33214.272
MinimumVisualStudioVersion = 10.0.40219.1
Project("{FAE04EC0-301F-11D3-BF4B-00C04F79EFBC}") = "Legacy Clash Server", "Ultrapowa Clash Server\Legacy Clash Server.csproj", "{DE9F20DA-F885-4A0D-90A5-E139189BC633}"
EndProject
Global
	GlobalSection(SolutionConfigurationPlatforms) = preSolution
		Debug|Any CPU = Debug|Any CPU
		Release|Any CPU = Release|Any CPU
	EndGlobalSection
	GlobalSection(ProjectConfigurationPlatforms) = postSolution
		{DE9F20DA-F885-4A0D-90A5-E139189BC633}.Debug|Any CPU.ActiveCfg = Debug|Any CPU
		{DE9F20DA-F885-4A0D-90A5-E139189BC633}.Debug|Any CPU.Build.0 = Debug|Any CPU
		{DE9F20DA-F885-4A0D-90A5-E139189BC633}.Release|Any CPU.ActiveCfg = Release|Any CPU
		{DE9F20DA-F885-4A0D-90A5-E139189BC633}.Release|Any CPU.Build.0 = Release|Any CPU
	EndGlobalSection
	GlobalSection(SolutionProperties) = preSolution
		HideSolutionNode = FALSE
	EndGlobalSection
	GlobalSection(ExtensibilityGlobals) = postSolution
		SolutionGuid = {9B16F2C1-5D78-4D19-89AA-EAFFD6EA78D9}
	EndGlobalSection
EndGlobal
